
Microsoft Visual Studio Solution File, Format Version 12.00
# Visual Studio Version 16
VisualStudioVersion = 16.0.30804.86
MinimumVisualStudioVersion = 10.0.40219.1
Project("{FAE04EC0-301F-11D3-BF4B-00C04F79EFBC}") = "VisitorManagementSystem", "VisitorManagementSystem\VisitorManagementSystem.csproj", "{5858A167-4CD1-4E90-A9EB-0E936E44161C}"
EndProject
Global
	GlobalSection(SolutionConfigurationPlatforms) = preSolution
		Debug|Any CPU = Debug|Any CPU
		Release|Any CPU = Release|Any CPU
	EndGlobalSection
	GlobalSection(ProjectConfigurationPlatforms) = postSolution
		{5858A167-4CD1-4E90-A9EB-0E936E44161C}.Debug|Any CPU.ActiveCfg = Debug|Any CPU
		{5858A167-4CD1-4E90-A9EB-0E936E44161C}.Debug|Any CPU.Build.0 = Debug|Any CPU
		{5858A167-4CD1-4E90-A9EB-0E936E44161C}.Release|Any CPU.ActiveCfg = Release|Any CPU
		{5858A167-4CD1-4E90-A9EB-0E936E44161C}.Release|Any CPU.Build.0 = Release|Any CPU
	EndGlobalSection
	GlobalSection(SolutionProperties) = preSolution
		HideSolutionNode = FALSE
	EndGlobalSection
	GlobalSection(ExtensibilityGlobals) = postSolution
		SolutionGuid = {619494D9-8F28-4EE2-8450-E7CCD018EFF8}
	EndGlobalSection
EndGlobal
